{
  "name": "@leadhome/envsubfolder",
  "version": "1.0.0",
  "lockfileVersion": 1,
  "requires": true,
  "dependencies": {
    "directory-exists": {
      "version": "2.0.1",
      "resolved": "https://registry.npmjs.org/directory-exists/-/directory-exists-2.0.1.tgz",
      "integrity": "sha512-+CEod3IzwjvhQOMXFSU6nrqdTwrhzOiacNzzXlwBVFm7C4y2rbuEWs5WaRsI/3IZeSWORA5F1q8FBh3gm4HSsw=="
    },
    "fancy-terminal": {
      "version": "1.0.1",
      "resolved": "https://registry.npmjs.org/fancy-terminal/-/fancy-terminal-1.0.1.tgz",
      "integrity": "sha512-RS5CUC35qR3YG39U1tE9+2dKrkc2vQIvCvPHbxB3YXUQywe7ICdRNlnVyFHmicT2jGIQ+QAdnVKNSPu9fdxbxA=="
    },
    "folder-delete": {
      "version": "1.0.4",
      "resolved": "https://registry.npmjs.org/folder-delete/-/folder-delete-1.0.4.tgz",
      "integrity": "sha512-tDKc67row9Vwt0XG0H2OBqnHM+Xsv5FcX08h+pKEhdj9n/pfU/nUY2hjzE4mq0gVefajrt2uqH2PcJ0eUz5VOQ==",
      "requires": {
        "fancy-terminal": "^1.0.1"
      }
    },
    "foreachasync": {
      "version": "3.0.0",
      "resolved": "https://registry.npmjs.org/foreachasync/-/foreachasync-3.0.0.tgz",
      "integrity": "sha1-VQKYfchxS+M5IJfzLgBxyd7gfPY="
    },
    "ncp": {
      "version": "2.0.0",
      "resolved": "https://registry.npmjs.org/ncp/-/ncp-2.0.0.tgz",
      "integrity": "sha1-GVoh1sRuNh0vsSgbo4uR6d9727M="
    },
    "walk": {
      "version": "2.3.14",
      "resolved": "https://registry.npmjs.org/walk/-/walk-2.3.14.tgz",
      "integrity": "sha512-5skcWAUmySj6hkBdH6B6+3ddMjVQYH5Qy9QGbPmN8kVmLteXk+yVXg+yfk1nbX30EYakahLrr8iPcCxJQSCBeg==",
      "requires": {
        "foreachasync": "^3.0.0"
      }
    }
  }
}
